
Microsoft Visual Studio Solution File, Format Version 12.00
# Visual Studio Version 17
VisualStudioVersion = 17.5.33414.496
MinimumVisualStudioVersion = 10.0.40219.1
Project("{F2A71F9B-5D33-465A-A702-920D77279786}") = "Crossword", "Crossword\Crossword.fsproj", "{4C1D5A74-2597-4F40-887B-FF4C427D02F4}"
EndProject
Global
	GlobalSection(SolutionConfigurationPlatforms) = preSolution
		Debug|Any CPU = Debug|Any CPU
		Release|Any CPU = Release|Any CPU
	EndGlobalSection
	GlobalSection(ProjectConfigurationPlatforms) = postSolution
		{4C1D5A74-2597-4F40-887B-FF4C427D02F4}.Debug|Any CPU.ActiveCfg = Debug|Any CPU
		{4C1D5A74-2597-4F40-887B-FF4C427D02F4}.Debug|Any CPU.Build.0 = Debug|Any CPU
		{4C1D5A74-2597-4F40-887B-FF4C427D02F4}.Release|Any CPU.ActiveCfg = Release|Any CPU
		{4C1D5A74-2597-4F40-887B-FF4C427D02F4}.Release|Any CPU.Build.0 = Release|Any CPU
	EndGlobalSection
	GlobalSection(SolutionProperties) = preSolution
		HideSolutionNode = FALSE
	EndGlobalSection
	GlobalSection(ExtensibilityGlobals) = postSolution
		SolutionGuid = {91C2CAFC-147E-40B5-BFF3-6A98FFDB9243}
	EndGlobalSection
EndGlobal
